{
  "name": "holgapi-camera",
  "version": "1.0.0",
  "lockfileVersion": 1,
  "requires": true,
  "dependencies": {
    "bindings": {
      "version": "1.3.0",
      "resolved": "https://registry.npmjs.org/bindings/-/bindings-1.3.0.tgz",
      "integrity": "sha512-DpLh5EzMR2kzvX1KIlVC0VkC3iZtHKTgdtZ0a3pglBZdaQFjt5S9g9xd1lE+YvXyfd6mtCeRnrUfOLYiTMlNSw=="
    },
    "cloudinary": {
      "version": "1.11.0",
      "resolved": "https://registry.npmjs.org/cloudinary/-/cloudinary-1.11.0.tgz",
      "integrity": "sha512-U5j9aWaYrSteboC7KcFZhvWy734d60CrrEUHVMpCtKhEWxpxXyVSe4Ag1BnRaVVq0YOvlJpXe6Qt6hAcb+h1lg==",
      "requires": {
        "lodash": "^4.17.4",
        "q": "^1.5.1"
      }
    },
    "epoll": {
      "version": "2.0.3",
      "resolved": "https://registry.npmjs.org/epoll/-/epoll-2.0.3.tgz",
      "integrity": "sha512-rX/LGxKyFeCdvRHIgr+pl3Q3iC1Sp8Bv1oqDNDwnzQeYY5slRdJlqsLR02RJlkhfx+ldkNqBEM5BtnDM0HPNsA==",
      "requires": {
        "bindings": "^1.3.0",
        "nan": "^2.10.0"
      },
      "dependencies": {
        "nan": {
          "version": "2.10.0",
          "resolved": "https://registry.npmjs.org/nan/-/nan-2.10.0.tgz",
          "integrity": "sha512-bAdJv7fBLhWC+/Bls0Oza+mvTaNQtP+1RyhhhvD95pgUJz6XM5IzgmxOkItJ9tkoCiplvAnXI1tNmmUD/eScyA=="
        }
      }
    },
    "lodash": {
      "version": "4.17.19",
      "resolved": "https://registry.npmjs.org/lodash/-/lodash-4.17.19.tgz",
      "integrity": "sha512-JNvd8XER9GQX0v2qJgsaN/mzFCNA5BRe/j8JN9d+tWyGLSodKQHKFicdwNYzWwI3wjRnaKPsGj1XkBjx/F96DQ=="
    },
    "nan": {
      "version": "2.11.0",
      "resolved": "https://registry.npmjs.org/nan/-/nan-2.11.0.tgz",
      "integrity": "sha512-F4miItu2rGnV2ySkXOQoA8FKz/SR2Q2sWP0sbTxNxz/tuokeC8WxOhPMcwi0qIyGtVn/rrSeLbvVkznqCdwYnw=="
    },
    "onoff": {
      "version": "1.1.8",
      "resolved": "https://registry.npmjs.org/onoff/-/onoff-1.1.8.tgz",
      "integrity": "sha512-11UA8YvaCJFN3riReWw6T1PmfOh/2f+DJHXQ/Bm9VKREjWUvyjkbS5GUSOqRqYksfpcJ3ACkuY4LjW+Shcyypw==",
      "requires": {
        "epoll": "~1.0.0"
      },
      "dependencies": {
        "epoll": {
          "version": "1.0.2",
          "resolved": "https://registry.npmjs.org/epoll/-/epoll-1.0.2.tgz",
          "integrity": "sha512-3t2crZPej4v60YYvXE/pgJ62D4RZBd/UsEXsHd+H3xtDre0vO8aV9O+0ThIPlfZtHJ4vMPhz55fYK1j37rX9Ng==",
          "requires": {
            "bindings": "~1.3.0",
            "nan": "~2.8.0"
          }
        },
        "nan": {
          "version": "2.8.0",
          "resolved": "https://registry.npmjs.org/nan/-/nan-2.8.0.tgz",
          "integrity": "sha1-7XFfP+neArV6XmJS2QqWZ14fCFo="
        }
      }
    },
    "pi-gpio": {
      "version": "0.0.8",
      "resolved": "https://registry.npmjs.org/pi-gpio/-/pi-gpio-0.0.8.tgz",
      "integrity": "sha1-hWNr1ZyKpgAmcSBqo3L1fz8sPVQ="
    },
    "q": {
      "version": "1.5.1",
      "resolved": "https://registry.npmjs.org/q/-/q-1.5.1.tgz",
      "integrity": "sha1-fjL3W0E4EpHQRhHxvxQQmsAGUdc="
    },
    "raspicam": {
      "version": "0.2.14",
      "resolved": "https://registry.npmjs.org/raspicam/-/raspicam-0.2.14.tgz",
      "integrity": "sha1-fJamEgdHXJ/RBcN87q29XQCMFTU=",
      "requires": {
        "lodash": "*"
      }
    },
    "rpi-ws281x-native": {
      "version": "0.9.0",
      "resolved": "https://registry.npmjs.org/rpi-ws281x-native/-/rpi-ws281x-native-0.9.0.tgz",
      "integrity": "sha512-Wj5X2iZyI5LMzxQeUoRpQJLIMWmthFDiOrcgRsIjZaebyzLsM0QtZ309YSF0enDYNdSQj+y0pmn9+uDHyvO/8A==",
      "requires": {
        "nan": "^2.0.9"
      }
    }
  }
}
