{
  "name": "holga-pi",
  "version": "1.0.0",
  "lockfileVersion": 1,
  "requires": true,
  "dependencies": {
    "lodash": {
      "version": "https://registry.npmjs.org/lodash/-/lodash-4.17.4.tgz",
      "integrity": "sha1-eCA6TRwyiuHYbcpkYONptX9AVa4="
    },
    "pi-gpio": {
      "version": "https://registry.npmjs.org/pi-gpio/-/pi-gpio-0.0.8.tgz",
      "integrity": "sha1-hWNr1ZyKpgAmcSBqo3L1fz8sPVQ="
    },
    "raspicam": {
      "version": "https://registry.npmjs.org/raspicam/-/raspicam-0.2.14.tgz",
      "integrity": "sha1-fJamEgdHXJ/RBcN87q29XQCMFTU=",
      "requires": {
        "lodash": "https://registry.npmjs.org/lodash/-/lodash-4.17.4.tgz"
      }
    }
  }
}
